
Microsoft Visual Studio Solution File, Format Version 11.00
# Visual Studio 2010
Project("{FAE04EC0-301F-11D3-BF4B-00C04F79EFBC}") = "VesselMover", "Source\VesselMover\VesselMover.csproj", "{2094C4DC-956E-4AEB-907B-EEA1A0C1745A}"
EndProject
Global
	GlobalSection(SolutionConfigurationPlatforms) = preSolution
		Debug|x86 = Debug|x86
		Release|x86 = Release|x86
		Debug|AnyCPU = Debug|AnyCPU
		Release|AnyCPU = Release|AnyCPU
		Release|Any CPU = Release|Any CPU
		Debug|Any CPU = Debug|Any CPU
	EndGlobalSection
	GlobalSection(ProjectConfigurationPlatforms) = postSolution
		{2094C4DC-956E-4AEB-907B-EEA1A0C1745A}.Release|Any CPU.ActiveCfg = Release|Any CPU
		{2094C4DC-956E-4AEB-907B-EEA1A0C1745A}.Release|Any CPU.Build.0 = Release|Any CPU
		{2094C4DC-956E-4AEB-907B-EEA1A0C1745A}.Debug|Any CPU.ActiveCfg = Debug|Any CPU
		{2094C4DC-956E-4AEB-907B-EEA1A0C1745A}.Debug|Any CPU.Build.0 = Debug|Any CPU
	EndGlobalSection
	GlobalSection(MonoDevelopProperties) = preSolution
		Policies = $0
		$0.TextStylePolicy = $1
		$1.inheritsSet = null
		$1.scope = text/x-csharp
		$0.CSharpFormattingPolicy = $2
		$2.scope = text/x-csharp
		$0.TextStylePolicy = $3
		$3.FileWidth = 80
		$3.scope = text/plain
		$0.StandardHeader = $4
	EndGlobalSection
EndGlobal
